// !$*UTF8*$!
{
	archiveVersion = 1;
	classes = {
	};
	objectVersion = 50;
	objects = {

/* Begin PBXBuildFile section */
		033C794621AC3A96008CA5F1 /* AppDelegate.swift in Sources */ = {isa = PBXBuildFile; fileRef = 033C794521AC3A96008CA5F1 /* AppDelegate.swift */; };
		033C794821AC3A96008CA5F1 /* ToDoListTVC.swift in Sources */ = {isa = PBXBuildFile; fileRef = 033C794721AC3A96008CA5F1 /* ToDoListTVC.swift */; };
		033C794B21AC3A96008CA5F1 /* Main.storyboard in Resources */ = {isa = PBXBuildFile; fileRef = 033C794921AC3A96008CA5F1 /* Main.storyboard */; };
		033C794D21AC3A97008CA5F1 /* Assets.xcassets in Resources */ = {isa = PBXBuildFile; fileRef = 033C794C21AC3A97008CA5F1 /* Assets.xcassets */; };
		033C795021AC3A97008CA5F1 /* LaunchScreen.storyboard in Resources */ = {isa = PBXBuildFile; fileRef = 033C794E21AC3A97008CA5F1 /* LaunchScreen.storyboard */; };
		033C795B21AC4FCE008CA5F1 /* ToDoItemTVC.swift in Sources */ = {isa = PBXBuildFile; fileRef = 033C795A21AC4FCE008CA5F1 /* ToDoItemTVC.swift */; };
		033C796021B2D087008CA5F1 /* DataModel.xcdatamodeld in Sources */ = {isa = PBXBuildFile; fileRef = 033C795E21B2D087008CA5F1 /* DataModel.xcdatamodeld */; };
		033C798321B7D6BB008CA5F1 /* CategoryTVC.swift in Sources */ = {isa = PBXBuildFile; fileRef = 033C798221B7D6BB008CA5F1 /* CategoryTVC.swift */; };
		033C798521B7ED1A008CA5F1 /* CategoryCell.swift in Sources */ = {isa = PBXBuildFile; fileRef = 033C798421B7ED1A008CA5F1 /* CategoryCell.swift */; };
/* End PBXBuildFile section */

/* Begin PBXFileReference section */
		033C794221AC3A96008CA5F1 /* JustDoIt.app */ = {isa = PBXFileReference; explicitFileType = wrapper.application; includeInIndex = 0; path = JustDoIt.app; sourceTree = BUILT_PRODUCTS_DIR; };
		033C794521AC3A96008CA5F1 /* AppDelegate.swift */ = {isa = PBXFileReference; lastKnownFileType = sourcecode.swift; path = AppDelegate.swift; sourceTree = "<group>"; };
		033C794721AC3A96008CA5F1 /* ToDoListTVC.swift */ = {isa = PBXFileReference; lastKnownFileType = sourcecode.swift; path = ToDoListTVC.swift; sourceTree = "<group>"; };
		033C794A21AC3A96008CA5F1 /* Base */ = {isa = PBXFileReference; lastKnownFileType = file.storyboard; name = Base; path = Base.lproj/Main.storyboard; sourceTree = "<group>"; };
		033C794C21AC3A97008CA5F1 /* Assets.xcassets */ = {isa = PBXFileReference; lastKnownFileType = folder.assetcatalog; path = Assets.xcassets; sourceTree = "<group>"; };
		033C794F21AC3A97008CA5F1 /* Base */ = {isa = PBXFileReference; lastKnownFileType = file.storyboard; name = Base; path = Base.lproj/LaunchScreen.storyboard; sourceTree = "<group>"; };
		033C795121AC3A97008CA5F1 /* Info.plist */ = {isa = PBXFileReference; lastKnownFileType = text.plist.xml; path = Info.plist; sourceTree = "<group>"; };
		033C795A21AC4FCE008CA5F1 /* ToDoItemTVC.swift */ = {isa = PBXFileReference; lastKnownFileType = sourcecode.swift; path = ToDoItemTVC.swift; sourceTree = "<group>"; };
		033C795F21B2D087008CA5F1 /* DataModel.xcdatamodel */ = {isa = PBXFileReference; lastKnownFileType = wrapper.xcdatamodel; path = DataModel.xcdatamodel; sourceTree = "<group>"; };
		033C798221B7D6BB008CA5F1 /* CategoryTVC.swift */ = {isa = PBXFileReference; lastKnownFileType = sourcecode.swift; path = CategoryTVC.swift; sourceTree = "<group>"; };
		033C798421B7ED1A008CA5F1 /* CategoryCell.swift */ = {isa = PBXFileReference; lastKnownFileType = sourcecode.swift; path = CategoryCell.swift; sourceTree = "<group>"; };
/* End PBXFileReference section */

/* Begin PBXFrameworksBuildPhase section */
		033C793F21AC3A96008CA5F1 /* Frameworks */ = {
			isa = PBXFrameworksBuildPhase;
			buildActionMask = 2147483647;
			files = (
			);
			runOnlyForDeploymentPostprocessing = 0;
		};
/* End PBXFrameworksBuildPhase section */

/* Begin PBXGroup section */
		033C793921AC3A96008CA5F1 = {
			isa = PBXGroup;
			children = (
				033C794421AC3A96008CA5F1 /* JustDoIt */,
				033C794321AC3A96008CA5F1 /* Products */,
			);
			sourceTree = "<group>";
		};
		033C794321AC3A96008CA5F1 /* Products */ = {
			isa = PBXGroup;
			children = (
				033C794221AC3A96008CA5F1 /* JustDoIt.app */,
			);
			name = Products;
			sourceTree = "<group>";
		};
		033C794421AC3A96008CA5F1 /* JustDoIt */ = {
			isa = PBXGroup;
			children = (
				033C795921AC4F97008CA5F1 /* Controller */,
				033C795821AC4F81008CA5F1 /* View */,
				033C795721AC4F79008CA5F1 /* Model */,
				033C794521AC3A96008CA5F1 /* AppDelegate.swift */,
				033C794921AC3A96008CA5F1 /* Main.storyboard */,
				033C794C21AC3A97008CA5F1 /* Assets.xcassets */,
				033C794E21AC3A97008CA5F1 /* LaunchScreen.storyboard */,
				033C795121AC3A97008CA5F1 /* Info.plist */,
			);
			path = JustDoIt;
			sourceTree = "<group>";
		};
		033C795721AC4F79008CA5F1 /* Model */ = {
			isa = PBXGroup;
			children = (
				033C795E21B2D087008CA5F1 /* DataModel.xcdatamodeld */,
			);
			path = Model;
			sourceTree = "<group>";
		};
		033C795821AC4F81008CA5F1 /* View */ = {
			isa = PBXGroup;
			children = (
				033C795A21AC4FCE008CA5F1 /* ToDoItemTVC.swift */,
				033C798421B7ED1A008CA5F1 /* CategoryCell.swift */,
			);
			path = View;
			sourceTree = "<group>";
		};
		033C795921AC4F97008CA5F1 /* Controller */ = {
			isa = PBXGroup;
			children = (
				033C798221B7D6BB008CA5F1 /* CategoryTVC.swift */,
				033C794721AC3A96008CA5F1 /* ToDoListTVC.swift */,
			);
			path = Controller;
			sourceTree = "<group>";
		};
/* End PBXGroup section */

/* Begin PBXNativeTarget section */
		033C794121AC3A96008CA5F1 /* JustDoIt */ = {
			isa = PBXNativeTarget;
			buildConfigurationList = 033C795421AC3A97008CA5F1 /* Build configuration list for PBXNativeTarget "JustDoIt" */;
			buildPhases = (
				033C793E21AC3A96008CA5F1 /* Sources */,
				033C793F21AC3A96008CA5F1 /* Frameworks */,
				033C794021AC3A96008CA5F1 /* Resources */,
			);
			buildRules = (
			);
			dependencies = (
			);
			name = JustDoIt;
			productName = JustDoIt;
			productReference = 033C794221AC3A96008CA5F1 /* JustDoIt.app */;
			productType = "com.apple.product-type.application";
		};
/* End PBXNativeTarget section */

/* Begin PBXProject section */
		033C793A21AC3A96008CA5F1 /* Project object */ = {
			isa = PBXProject;
			attributes = {
				LastSwiftUpdateCheck = 1000;
				LastUpgradeCheck = 1000;
				ORGANIZATIONNAME = "Bold Lion";
				TargetAttributes = {
					033C794121AC3A96008CA5F1 = {
						CreatedOnToolsVersion = 10.0;
					};
				};
			};
			buildConfigurationList = 033C793D21AC3A96008CA5F1 /* Build configuration list for PBXProject "JustDoIt" */;
			compatibilityVersion = "Xcode 9.3";
			developmentRegion = en;
			hasScannedForEncodings = 0;
			knownRegions = (
				en,
				Base,
			);
			mainGroup = 033C793921AC3A96008CA5F1;
			productRefGroup = 033C794321AC3A96008CA5F1 /* Products */;
			projectDirPath = "";
			projectRoot = "";
			targets = (
				033C794121AC3A96008CA5F1 /* JustDoIt */,
			);
		};
/* End PBXProject section */

/* Begin PBXResourcesBuildPhase section */
		033C794021AC3A96008CA5F1 /* Resources */ = {
			isa = PBXResourcesBuildPhase;
			buildActionMask = 2147483647;
			files = (
				033C795021AC3A97008CA5F1 /* LaunchScreen.storyboard in Resources */,
				033C794D21AC3A97008CA5F1 /* Assets.xcassets in Resources */,
				033C794B21AC3A96008CA5F1 /* Main.storyboard in Resources */,
			);
			runOnlyForDeploymentPostprocessing = 0;
		};
/* End PBXResourcesBuildPhase section */

/* Begin PBXSourcesBuildPhase section */
		033C793E21AC3A96008CA5F1 /* Sources */ = {
			isa = PBXSourcesBuildPhase;
			buildActionMask = 2147483647;
			files = (
				033C796021B2D087008CA5F1 /* DataModel.xcdatamodeld in Sources */,
				033C795B21AC4FCE008CA5F1 /* ToDoItemTVC.swift in Sources */,
				033C798321B7D6BB008CA5F1 /* CategoryTVC.swift in Sources */,
				033C794821AC3A96008CA5F1 /* ToDoListTVC.swift in Sources */,
				033C794621AC3A96008CA5F1 /* AppDelegate.swift in Sources */,
				033C798521B7ED1A008CA5F1 /* CategoryCell.swift in Sources */,
			);
			runOnlyForDeploymentPostprocessing = 0;
		};
/* End PBXSourcesBuildPhase section */

/* Begin PBXVariantGroup section */
		033C794921AC3A96008CA5F1 /* Main.storyboard */ = {
			isa = PBXVariantGroup;
			children = (
				033C794A21AC3A96008CA5F1 /* Base */,
			);
			name = Main.storyboard;
			sourceTree = "<group>";
		};
		033C794E21AC3A97008CA5F1 /* LaunchScreen.storyboard */ = {
			isa = PBXVariantGroup;
			children = (
				033C794F21AC3A97008CA5F1 /* Base */,
			);
			name = LaunchScreen.storyboard;
			sourceTree = "<group>";
		};
/* End PBXVariantGroup section */

/* Begin XCBuildConfiguration section */
		033C795221AC3A97008CA5F1 /* Debug */ = {
			isa = XCBuildConfiguration;
			buildSettings = {
				ALWAYS_SEARCH_USER_PATHS = NO;
				CLANG_ANALYZER_NONNULL = YES;
				CLANG_ANALYZER_NUMBER_OBJECT_CONVERSION = YES_AGGRESSIVE;
				CLANG_CXX_LANGUAGE_STANDARD = "gnu++14";
				CLANG_CXX_LIBRARY = "libc++";
				CLANG_ENABLE_MODULES = YES;
				CLANG_ENABLE_OBJC_ARC = YES;
				CLANG_ENABLE_OBJC_WEAK = YES;
				CLANG_WARN_BLOCK_CAPTURE_AUTORELEASING = YES;
				CLANG_WARN_BOOL_CONVERSION = YES;
				CLANG_WARN_COMMA = YES;
				CLANG_WARN_CONSTANT_CONVERSION = YES;
				CLANG_WARN_DEPRECATED_OBJC_IMPLEMENTATIONS = YES;
				CLANG_WARN_DIRECT_OBJC_ISA_USAGE = YES_ERROR;
				CLANG_WARN_DOCUMENTATION_COMMENTS = YES;
				CLANG_WARN_EMPTY_BODY = YES;
				CLANG_WARN_ENUM_CONVERSION = YES;
				CLANG_WARN_INFINITE_RECURSION = YES;
				CLANG_WARN_INT_CONVERSION = YES;
				CLANG_WARN_NON_LITERAL_NULL_CONVERSION = YES;
				CLANG_WARN_OBJC_IMPLICIT_RETAIN_SELF = YES;
				CLANG_WARN_OBJC_LITERAL_CONVERSION = YES;
				CLANG_WARN_OBJC_ROOT_CLASS = YES_ERROR;
				CLANG_WARN_RANGE_LOOP_ANALYSIS = YES;
				CLANG_WARN_STRICT_PROTOTYPES = YES;
				CLANG_WARN_SUSPICIOUS_MOVE = YES;
				CLANG_WARN_UNGUARDED_AVAILABILITY = YES_AGGRESSIVE;
				CLANG_WARN_UNREACHABLE_CODE = YES;
				CLANG_WARN__DUPLICATE_METHOD_MATCH = YES;
				CODE_SIGN_IDENTITY = "iPhone Developer";
				COPY_PHASE_STRIP = NO;
				DEBUG_INFORMATION_FORMAT = dwarf;
				ENABLE_STRICT_OBJC_MSGSEND = YES;
				ENABLE_TESTABILITY = YES;
				GCC_C_LANGUAGE_STANDARD = gnu11;
				GCC_DYNAMIC_NO_PIC = NO;
				GCC_NO_COMMON_BLOCKS = YES;
				GCC_OPTIMIZATION_LEVEL = 0;
				GCC_PREPROCESSOR_DEFINITIONS = (
					"DEBUG=1",
					"$(inherited)",
				);
				GCC_WARN_64_TO_32_BIT_CONVERSION = YES;
				GCC_WARN_ABOUT_RETURN_TYPE = YES_ERROR;
				GCC_WARN_UNDECLARED_SELECTOR = YES;
				GCC_WARN_UNINITIALIZED_AUTOS = YES_AGGRESSIVE;
				GCC_WARN_UNUSED_FUNCTION = YES;
				GCC_WARN_UNUSED_VARIABLE = YES;
				IPHONEOS_DEPLOYMENT_TARGET = 12.0;
				MTL_ENABLE_DEBUG_INFO = INCLUDE_SOURCE;
				MTL_FAST_MATH = YES;
				ONLY_ACTIVE_ARCH = YES;
				SDKROOT = iphoneos;
				SWIFT_ACTIVE_COMPILATION_CONDITIONS = DEBUG;
				SWIFT_OPTIMIZATION_LEVEL = "-Onone";
			};
			name = Debug;
		};
		033C795321AC3A97008CA5F1 /* Release */ = {
			isa = XCBuildConfiguration;
			buildSettings = {
				ALWAYS_SEARCH_USER_PATHS = NO;
				CLANG_ANALYZER_NONNULL = YES;
				CLANG_ANALYZER_NUMBER_OBJECT_CONVERSION = YES_AGGRESSIVE;
				CLANG_CXX_LANGUAGE_STANDARD = "gnu++14";
				CLANG_CXX_LIBRARY = "libc++";
				CLANG_ENABLE_MODULES = YES;
				CLANG_ENABLE_OBJC_ARC = YES;
				CLANG_ENABLE_OBJC_WEAK = YES;
				CLANG_WARN_BLOCK_CAPTURE_AUTORELEASING = YES;
				CLANG_WARN_BOOL_CONVERSION = YES;
				CLANG_WARN_COMMA = YES;
				CLANG_WARN_CONSTANT_CONVERSION = YES;
				CLANG_WARN_DEPRECATED_OBJC_IMPLEMENTATIONS = YES;
				CLANG_WARN_DIRECT_OBJC_ISA_USAGE = YES_ERROR;
				CLANG_WARN_DOCUMENTATION_COMMENTS = YES;
				CLANG_WARN_EMPTY_BODY = YES;
				CLANG_WARN_ENUM_CONVERSION = YES;
				CLANG_WARN_INFINITE_RECURSION = YES;
				CLANG_WARN_INT_CONVERSION = YES;
				CLANG_WARN_NON_LITERAL_NULL_CONVERSION = YES;
				CLANG_WARN_OBJC_IMPLICIT_RETAIN_SELF = YES;
				CLANG_WARN_OBJC_LITERAL_CONVERSION = YES;
				CLANG_WARN_OBJC_ROOT_CLASS = YES_ERROR;
				CLANG_WARN_RANGE_LOOP_ANALYSIS = YES;
				CLANG_WARN_STRICT_PROTOTYPES = YES;
				CLANG_WARN_SUSPICIOUS_MOVE = YES;
				CLANG_WARN_UNGUARDED_AVAILABILITY = YES_AGGRESSIVE;
				CLANG_WARN_UNREACHABLE_CODE = YES;
				CLANG_WARN__DUPLICATE_METHOD_MATCH = YES;
				CODE_SIGN_IDENTITY = "iPhone Developer";
				COPY_PHASE_STRIP = NO;
				DEBUG_INFORMATION_FORMAT = "dwarf-with-dsym";
				ENABLE_NS_ASSERTIONS = NO;
				ENABLE_STRICT_OBJC_MSGSEND = YES;
				GCC_C_LANGUAGE_STANDARD = gnu11;
				GCC_NO_COMMON_BLOCKS = YES;
				GCC_WARN_64_TO_32_BIT_CONVERSION = YES;
				GCC_WARN_ABOUT_RETURN_TYPE = YES_ERROR;
				GCC_WARN_UNDECLARED_SELECTOR = YES;
				GCC_WARN_UNINITIALIZED_AUTOS = YES_AGGRESSIVE;
				GCC_WARN_UNUSED_FUNCTION = YES;
				GCC_WARN_UNUSED_VARIABLE = YES;
				IPHONEOS_DEPLOYMENT_TARGET = 12.0;
				MTL_ENABLE_DEBUG_INFO = NO;
				MTL_FAST_MATH = YES;
				SDKROOT = iphoneos;
				SWIFT_COMPILATION_MODE = wholemodule;
				SWIFT_OPTIMIZATION_LEVEL = "-O";
				VALIDATE_PRODUCT = YES;
			};
			name = Release;
		};
		033C795521AC3A97008CA5F1 /* Debug */ = {
			isa = XCBuildConfiguration;
			buildSettings = {
				ASSETCATALOG_COMPILER_APPICON_NAME = AppIcon;
				CODE_SIGN_STYLE = Automatic;
				DEVELOPMENT_TEAM = C7Z3QND73W;
				INFOPLIST_FILE = JustDoIt/Info.plist;
				LD_RUNPATH_SEARCH_PATHS = (
					"$(inherited)",
					"@executable_path/Frameworks",
				);
				PRODUCT_BUNDLE_IDENTIFIER = io.yovoiceJustDoIt;
				PRODUCT_NAME = "$(TARGET_NAME)";
				SWIFT_VERSION = 4.2;
				TARGETED_DEVICE_FAMILY = "1,2";
			};
			name = Debug;
		};
		033C795621AC3A97008CA5F1 /* Release */ = {
			isa = XCBuildConfiguration;
			buildSettings = {
				ASSETCATALOG_COMPILER_APPICON_NAME = AppIcon;
				CODE_SIGN_STYLE = Automatic;
				DEVELOPMENT_TEAM = C7Z3QND73W;
				INFOPLIST_FILE = JustDoIt/Info.plist;
				LD_RUNPATH_SEARCH_PATHS = (
					"$(inherited)",
					"@executable_path/Frameworks",
				);
				PRODUCT_BUNDLE_IDENTIFIER = io.yovoiceJustDoIt;
				PRODUCT_NAME = "$(TARGET_NAME)";
				SWIFT_VERSION = 4.2;
				TARGETED_DEVICE_FAMILY = "1,2";
			};
			name = Release;
		};
/* End XCBuildConfiguration section */

/* Begin XCConfigurationList section */
		033C793D21AC3A96008CA5F1 /* Build configuration list for PBXProject "JustDoIt" */ = {
			isa = XCConfigurationList;
			buildConfigurations = (
				033C795221AC3A97008CA5F1 /* Debug */,
				033C795321AC3A97008CA5F1 /* Release */,
			);
			defaultConfigurationIsVisible = 0;
			defaultConfigurationName = Release;
		};
		033C795421AC3A97008CA5F1 /* Build configuration list for PBXNativeTarget "JustDoIt" */ = {
			isa = XCConfigurationList;
			buildConfigurations = (
				033C795521AC3A97008CA5F1 /* Debug */,
				033C795621AC3A97008CA5F1 /* Release */,
			);
			defaultConfigurationIsVisible = 0;
			defaultConfigurationName = Release;
		};
/* End XCConfigurationList section */

/* Begin XCVersionGroup section */
		033C795E21B2D087008CA5F1 /* DataModel.xcdatamodeld */ = {
			isa = XCVersionGroup;
			children = (
				033C795F21B2D087008CA5F1 /* DataModel.xcdatamodel */,
			);
			currentVersion = 033C795F21B2D087008CA5F1 /* DataModel.xcdatamodel */;
			path = DataModel.xcdatamodeld;
			sourceTree = "<group>";
			versionGroupType = wrapper.xcdatamodel;
		};
/* End XCVersionGroup section */
	};
	rootObject = 033C793A21AC3A96008CA5F1 /* Project object */;
}
